<?xml version="1.0" encoding="UTF-8" standalone="yes" ?>
<CodeBlocks_project_file>
	<FileVersion major="1" minor="6" />
	<Project>
		<Option title="LorenzViewer" />
		<Option makefile_is_custom="1" />
		<Option pch_mode="2" />
		<Option compiler="gcc" />
		<MakeCommands>
			<Build command="make -j $target" />
			<CompileFile command="make -j $file" />
			<Clean command="make cleanall" />
			<DistClean command="$make -f $makefile distclean$target" />
			<AskRebuildNeeded command="make -j $target" />
			<SilentBuild command="make -j $target &gt; $(CMD_NULL)" />
		</MakeCommands>
		<Build>
			<Target title="Debug">
				<Option output="LorenzViewer" prefix_auto="1" extension_auto="1" />
				<Option object_output="obj/Debug/" />
				<Option type="1" />
				<Option compiler="gcc" />
				<Compiler>
					<Add option="-g" />
					<Add directory="src/GUI" />
					<Add directory="src" />
					<Add directory="src/scene" />
				</Compiler>
				<MakeCommands>
					<Build command="make -j  $target" />
					<CompileFile command="make -j  $file" />
					<Clean command="make -j  cleanall" />
					<DistClean command="$make -f $makefile distclean$target" />
					<AskRebuildNeeded command="make -j  $target" />
					<SilentBuild command="make -j  $target &gt; $(CMD_NULL)" />
				</MakeCommands>
			</Target>
			<Target title="Release">
				<Option output="LorenzViewer" prefix_auto="1" extension_auto="1" />
				<Option object_output="obj/Release/" />
				<Option type="0" />
				<Option compiler="gcc" />
				<Compiler>
					<Add option="-O2" />
					<Add directory="src/GUI" />
					<Add directory="src" />
					<Add directory="src/scene" />
				</Compiler>
				<Linker>
					<Add option="-s" />
				</Linker>
				<MakeCommands>
					<Build command="$make -j  -f $makefile $target" />
					<CompileFile command="$make -j  -f $makefile $file" />
					<Clean command="$make -j  -f $makefile clean$target" />
					<DistClean command="$make -f $makefile distclean$target" />
					<AskRebuildNeeded command="$make -j  -q -f $makefile $target" />
					<SilentBuild command="$make -j  -f $makefile $target &gt; $(CMD_NULL)" />
				</MakeCommands>
			</Target>
			<Target title="scene">
				<Option output="LorenzViewer" prefix_auto="1" extension_auto="1" />
				<Option type="0" />
				<Option compiler="gcc" />
				<MakeCommands>
					<Build command="$make -f $makefile $target" />
					<CompileFile command="$make -f $makefile $file" />
					<Clean command="make -j  clean CLEANDIR=$target" />
					<DistClean command="$make -f $makefile distclean$target" />
					<AskRebuildNeeded command="$make -q -f $makefile $target" />
					<SilentBuild command="$make -f $makefile $target &gt; $(CMD_NULL)" />
				</MakeCommands>
			</Target>
			<Target title="GUI">
				<Option output="LorenzViewer" prefix_auto="1" extension_auto="1" />
				<Option type="0" />
				<Option compiler="gcc" />
				<MakeCommands>
					<Build command="$make -f $makefile $target" />
					<CompileFile command="$make -f $makefile $file" />
					<Clean command="make -j  clean CLEANDIR=$target" />
					<DistClean command="$make -f $makefile distclean$target" />
					<AskRebuildNeeded command="$make -q -f $makefile $target" />
					<SilentBuild command="$make -f $makefile $target &gt; $(CMD_NULL)" />
				</MakeCommands>
			</Target>
		</Build>
		<Compiler>
			<Add option="-Wall" />
		</Compiler>
		<Unit filename="guislider.cpp">
			<Option target="Debug" />
			<Option target="Release" />
		</Unit>
		<Unit filename="guislider.h">
			<Option target="Debug" />
			<Option target="Release" />
		</Unit>
		<Unit filename="lorenzwindow.h">
			<Option target="Debug" />
			<Option target="Release" />
		</Unit>
		<Unit filename="obj/GUI/gui_window.h">
			<Option target="Debug" />
			<Option target="Release" />
		</Unit>
		<Unit filename="src/GUI/component.cpp">
			<Option target="Debug" />
			<Option target="Release" />
		</Unit>
		<Unit filename="src/GUI/component.h">
			<Option target="Debug" />
			<Option target="Release" />
		</Unit>
		<Unit filename="src/GUI/guilabel.cpp">
			<Option target="Debug" />
			<Option target="Release" />
		</Unit>
		<Unit filename="src/GUI/guilabel.h">
			<Option target="Debug" />
			<Option target="Release" />
		</Unit>
		<Unit filename="src/GUI/guipanel.cpp">
			<Option target="Debug" />
			<Option target="Release" />
		</Unit>
		<Unit filename="src/GUI/guipanel.h">
			<Option target="Debug" />
			<Option target="Release" />
		</Unit>
		<Unit filename="src/GUI/guiscene.cpp">
			<Option target="Debug" />
			<Option target="Release" />
		</Unit>
		<Unit filename="src/GUI/guiscene.h">
			<Option target="Debug" />
			<Option target="Release" />
		</Unit>
		<Unit filename="src/GUI/guiwindow.cpp">
			<Option target="Debug" />
			<Option target="Release" />
		</Unit>
		<Unit filename="src/GUI/guiwindow.h">
			<Option target="Debug" />
			<Option target="Release" />
		</Unit>
		<Unit filename="src/lorenzobserver.cpp">
			<Option target="Debug" />
			<Option target="Release" />
		</Unit>
		<Unit filename="src/lorenzobserver.h">
			<Option target="Debug" />
			<Option target="Release" />
		</Unit>
		<Unit filename="src/lorenzwindow.cpp">
			<Option target="Debug" />
			<Option target="Release" />
		</Unit>
		<Unit filename="src/lorenzwindow.h">
			<Option target="Debug" />
			<Option target="Release" />
		</Unit>
		<Unit filename="src/main.cpp">
			<Option target="Debug" />
			<Option target="Release" />
		</Unit>
		<Unit filename="src/movingobserver.cpp">
			<Option target="Debug" />
			<Option target="Release" />
		</Unit>
		<Unit filename="src/movingobserver.h">
			<Option target="Debug" />
			<Option target="Release" />
		</Unit>
		<Unit filename="src/scene/lorenzrenderable.cpp">
			<Option target="Debug" />
			<Option target="Release" />
		</Unit>
		<Unit filename="src/scene/lorenzrenderable.h">
			<Option target="Debug" />
			<Option target="Release" />
		</Unit>
		<Unit filename="src/scene/lorenzscenemaster.cpp">
			<Option target="Debug" />
			<Option target="Release" />
		</Unit>
		<Unit filename="src/scene/lorenzscenemaster.h">
			<Option target="Debug" />
			<Option target="Release" />
		</Unit>
		<Unit filename="src/scene/scene.cpp">
			<Option target="Debug" />
			<Option target="Release" />
		</Unit>
		<Unit filename="src/scene/scene.h">
			<Option target="Debug" />
			<Option target="Release" />
		</Unit>
		<Unit filename="src/scene/scenecontroller.cpp">
			<Option target="Debug" />
			<Option target="Release" />
		</Unit>
		<Unit filename="src/scene/scenecontroller.h">
			<Option target="Debug" />
			<Option target="Release" />
		</Unit>
		<Unit filename="src/scene/scenemaster.cpp">
			<Option target="Debug" />
			<Option target="Release" />
		</Unit>
		<Unit filename="src/scene/scenemaster.h">
			<Option target="Debug" />
			<Option target="Release" />
		</Unit>
		<Unit filename="src/scene/sceneobservable.cpp">
			<Option target="Debug" />
			<Option target="Release" />
		</Unit>
		<Unit filename="src/scene/sceneobservable.h">
			<Option target="Debug" />
			<Option target="Release" />
		</Unit>
		<Unit filename="src/scene/scenerenederable.cpp">
			<Option target="Debug" />
			<Option target="Release" />
		</Unit>
		<Unit filename="src/scene/scenerenederable.h">
			<Option target="Debug" />
			<Option target="Release" />
		</Unit>
		<Extensions>
			<code_completion />
			<envvars />
			<debugger />
			<lib_finder disable_auto="1" />
		</Extensions>
	</Project>
</CodeBlocks_project_file>
